
Microsoft Visual Studio Solution File, Format Version 12.00
# Visual Studio Version 17
VisualStudioVersion = 17.2.32519.379
MinimumVisualStudioVersion = 10.0.40219.1
Project("{9A19103F-16F7-4668-BE54-9A1E7A4F7556}") = "CsvDataProcessor", "CsvDataProcessor.csproj", "{0509A1AA-9A5A-45A0-AC5E-E078D6202991}"
EndProject
Project("{9A19103F-16F7-4668-BE54-9A1E7A4F7556}") = "CsvDataProcessor.Test", "CsvDataProcessor.Test\CsvDataProcessor.Test.csproj", "{920F362E-9B8A-48E7-9C7B-26F4DCFB1BFE}"
EndProject
Global
	GlobalSection(SolutionConfigurationPlatforms) = preSolution
		Debug|Any CPU = Debug|Any CPU
		Release|Any CPU = Release|Any CPU
	EndGlobalSection
	GlobalSection(ProjectConfigurationPlatforms) = postSolution
		{0509A1AA-9A5A-45A0-AC5E-E078D6202991}.Debug|Any CPU.ActiveCfg = Debug|Any CPU
		{0509A1AA-9A5A-45A0-AC5E-E078D6202991}.Debug|Any CPU.Build.0 = Debug|Any CPU
		{0509A1AA-9A5A-45A0-AC5E-E078D6202991}.Release|Any CPU.ActiveCfg = Release|Any CPU
		{0509A1AA-9A5A-45A0-AC5E-E078D6202991}.Release|Any CPU.Build.0 = Release|Any CPU
		{920F362E-9B8A-48E7-9C7B-26F4DCFB1BFE}.Debug|Any CPU.ActiveCfg = Debug|Any CPU
		{920F362E-9B8A-48E7-9C7B-26F4DCFB1BFE}.Debug|Any CPU.Build.0 = Debug|Any CPU
		{920F362E-9B8A-48E7-9C7B-26F4DCFB1BFE}.Release|Any CPU.ActiveCfg = Release|Any CPU
		{920F362E-9B8A-48E7-9C7B-26F4DCFB1BFE}.Release|Any CPU.Build.0 = Release|Any CPU
	EndGlobalSection
	GlobalSection(SolutionProperties) = preSolution
		HideSolutionNode = FALSE
	EndGlobalSection
	GlobalSection(ExtensibilityGlobals) = postSolution
		SolutionGuid = {0FFE98B6-4D84-4198-99EF-01891ECB8A2D}
	EndGlobalSection
EndGlobal
